
Microsoft Visual Studio Solution File, Format Version 12.00
# Visual Studio Version 17
VisualStudioVersion = 17.9.34902.65
MinimumVisualStudioVersion = 10.0.40219.1
Project("{FAE04EC0-301F-11D3-BF4B-00C04F79EFBC}") = "Competitions", "Competitions\Competitions.csproj", "{50E5612A-94A4-493B-9EF2-30671EA31B65}"
EndProject
Project("{FAE04EC0-301F-11D3-BF4B-00C04F79EFBC}") = "Competitions.Core", "Core\Competitions.Core.csproj", "{EF7EC1A1-F870-48AB-925D-EC5D27BBEB49}"
EndProject
Project("{FAE04EC0-301F-11D3-BF4B-00C04F79EFBC}") = "Competitions.DataAccess", "Competitions.DataAccess\Competitions.DataAccess.csproj", "{B8468A4D-3850-45D6-A249-CBFEC0DF6626}"
EndProject
Project("{FAE04EC0-301F-11D3-BF4B-00C04F79EFBC}") = "Competitions.Application", "Competitions.Application\Competitions.Application.csproj", "{EB1914D6-E28A-442B-81FF-028F7C6C287F}"
EndProject
Global
	GlobalSection(SolutionConfigurationPlatforms) = preSolution
		Debug|Any CPU = Debug|Any CPU
		Release|Any CPU = Release|Any CPU
	EndGlobalSection
	GlobalSection(ProjectConfigurationPlatforms) = postSolution
		{50E5612A-94A4-493B-9EF2-30671EA31B65}.Debug|Any CPU.ActiveCfg = Debug|Any CPU
		{50E5612A-94A4-493B-9EF2-30671EA31B65}.Debug|Any CPU.Build.0 = Debug|Any CPU
		{50E5612A-94A4-493B-9EF2-30671EA31B65}.Release|Any CPU.ActiveCfg = Release|Any CPU
		{50E5612A-94A4-493B-9EF2-30671EA31B65}.Release|Any CPU.Build.0 = Release|Any CPU
		{EF7EC1A1-F870-48AB-925D-EC5D27BBEB49}.Debug|Any CPU.ActiveCfg = Debug|Any CPU
		{EF7EC1A1-F870-48AB-925D-EC5D27BBEB49}.Debug|Any CPU.Build.0 = Debug|Any CPU
		{EF7EC1A1-F870-48AB-925D-EC5D27BBEB49}.Release|Any CPU.ActiveCfg = Release|Any CPU
		{EF7EC1A1-F870-48AB-925D-EC5D27BBEB49}.Release|Any CPU.Build.0 = Release|Any CPU
		{B8468A4D-3850-45D6-A249-CBFEC0DF6626}.Debug|Any CPU.ActiveCfg = Debug|Any CPU
		{B8468A4D-3850-45D6-A249-CBFEC0DF6626}.Debug|Any CPU.Build.0 = Debug|Any CPU
		{B8468A4D-3850-45D6-A249-CBFEC0DF6626}.Release|Any CPU.ActiveCfg = Release|Any CPU
		{B8468A4D-3850-45D6-A249-CBFEC0DF6626}.Release|Any CPU.Build.0 = Release|Any CPU
		{EB1914D6-E28A-442B-81FF-028F7C6C287F}.Debug|Any CPU.ActiveCfg = Debug|Any CPU
		{EB1914D6-E28A-442B-81FF-028F7C6C287F}.Debug|Any CPU.Build.0 = Debug|Any CPU
		{EB1914D6-E28A-442B-81FF-028F7C6C287F}.Release|Any CPU.ActiveCfg = Release|Any CPU
		{EB1914D6-E28A-442B-81FF-028F7C6C287F}.Release|Any CPU.Build.0 = Release|Any CPU
	EndGlobalSection
	GlobalSection(SolutionProperties) = preSolution
		HideSolutionNode = FALSE
	EndGlobalSection
	GlobalSection(ExtensibilityGlobals) = postSolution
		SolutionGuid = {3FBC5417-5120-4B74-BD29-E9B9E95D695C}
	EndGlobalSection
EndGlobal
